
Microsoft Visual Studio Solution File, Format Version 12.00
# Visual Studio 15
VisualStudioVersion = 15.0.28307.271
MinimumVisualStudioVersion = 10.0.40219.1
Project("{9A19103F-16F7-4668-BE54-9A1E7A4F7556}") = "NativePack", "NativePack\NativePack.csproj", "{D51891DB-BB13-4CF9-868B-F09881F22925}"
EndProject
Project("{FAE04EC0-301F-11D3-BF4B-00C04F79EFBC}") = "NativePack.Tests", "NativePack.Tests\NativePack.Tests.csproj", "{2DEDF722-2A1A-4E55-9582-C43B1522F8EC}"
EndProject
Global
	GlobalSection(SolutionConfigurationPlatforms) = preSolution
		Debug|Any CPU = Debug|Any CPU
		Release|Any CPU = Release|Any CPU
	EndGlobalSection
	GlobalSection(ProjectConfigurationPlatforms) = postSolution
		{D51891DB-BB13-4CF9-868B-F09881F22925}.Debug|Any CPU.ActiveCfg = Debug|Any CPU
		{D51891DB-BB13-4CF9-868B-F09881F22925}.Debug|Any CPU.Build.0 = Debug|Any CPU
		{D51891DB-BB13-4CF9-868B-F09881F22925}.Release|Any CPU.ActiveCfg = Release|Any CPU
		{D51891DB-BB13-4CF9-868B-F09881F22925}.Release|Any CPU.Build.0 = Release|Any CPU
		{2DEDF722-2A1A-4E55-9582-C43B1522F8EC}.Debug|Any CPU.ActiveCfg = Debug|Any CPU
		{2DEDF722-2A1A-4E55-9582-C43B1522F8EC}.Debug|Any CPU.Build.0 = Debug|Any CPU
		{2DEDF722-2A1A-4E55-9582-C43B1522F8EC}.Release|Any CPU.ActiveCfg = Release|Any CPU
		{2DEDF722-2A1A-4E55-9582-C43B1522F8EC}.Release|Any CPU.Build.0 = Release|Any CPU
	EndGlobalSection
	GlobalSection(SolutionProperties) = preSolution
		HideSolutionNode = FALSE
	EndGlobalSection
	GlobalSection(ExtensibilityGlobals) = postSolution
		SolutionGuid = {73C81DA8-3D80-4FF5-A16B-F3B42DE28922}
	EndGlobalSection
EndGlobal
